
Microsoft Visual Studio Solution File, Format Version 12.00
# Visual Studio Version 17
VisualStudioVersion = 17.3.32825.248
MinimumVisualStudioVersion = 10.0.40219.1
Project("{9A19103F-16F7-4668-BE54-9A1E7A4F7556}") = "PlatoAnalyzer", "legacy\Sandbox\PlatoAnalyzer\PlatoAnalyzer.csproj", "{5B286A6B-659B-49EA-918E-4041A06C0EC1}"
EndProject
Project("{9A19103F-16F7-4668-BE54-9A1E7A4F7556}") = "PlatoIR", "legacy\PlatoIR\PlatoIR.csproj", "{9073453C-E707-4639-971C-2CD896D13DFF}"
EndProject
Project("{9A19103F-16F7-4668-BE54-9A1E7A4F7556}") = "Plato.LegacySandbox", "legacy\Plato.Sandbox\Plato.LegacySandbox.csproj", "{A3063915-D5E4-423C-8780-96FE64D36911}"
EndProject
Project("{2150E333-8FDC-42A3-9474-1A3956D46DE8}") = "notes", "notes", "{239039FA-2578-4851-8C40-88098C7EE5D4}"
	ProjectSection(SolutionItems) = preProject
		notes\notes.txt = notes\notes.txt
	EndProjectSection
EndProject
Project("{9A19103F-16F7-4668-BE54-9A1E7A4F7556}") = "PlatoStandardLibrary", "PlatoStandardLibrary\PlatoStandardLibrary.csproj", "{66402015-EB96-4A58-AFA1-BF2BD41DF14C}"
EndProject
Project("{9A19103F-16F7-4668-BE54-9A1E7A4F7556}") = "PlatoCompiler", "PlatoCompiler\PlatoCompiler.csproj", "{33E56AB3-CAD2-499D-AE06-0AD28FC77B67}"
EndProject
Project("{9A19103F-16F7-4668-BE54-9A1E7A4F7556}") = "Plato.Unity", "Plato.Unity\Plato.Unity.csproj", "{C6562DC1-4889-4BEF-865E-F02672ADC0D0}"
EndProject
Project("{9A19103F-16F7-4668-BE54-9A1E7A4F7556}") = "PlatoTypeInference", "PlatoTypeInference\PlatoTypeInference.csproj", "{71C5FB27-E2C3-4329-92F5-0185E552B287}"
EndProject
Project("{9A19103F-16F7-4668-BE54-9A1E7A4F7556}") = "PlatoTestProject", "PlatoTestProject\PlatoTestProject.csproj", "{D17532D8-733A-4A98-85C7-2F70FE841816}"
EndProject
Project("{9A19103F-16F7-4668-BE54-9A1E7A4F7556}") = "Ptarmigan.Utils", "..\ptarmigan\src\Ptarmigan.Utils\Ptarmigan.Utils.csproj", "{77FC4BD1-C73C-4DBE-B75C-512C8FDD4CCA}"
EndProject
Project("{9A19103F-16F7-4668-BE54-9A1E7A4F7556}") = "Ptarmigan.Utils.Roslyn", "..\ptarmigan\src\Ptarmigan.Utils.Roslyn\Ptarmigan.Utils.Roslyn.csproj", "{88CBAE39-44F2-4DF2-9A51-CE474783788B}"
EndProject
Project("{9A19103F-16F7-4668-BE54-9A1E7A4F7556}") = "PlatoTestEvaluator", "PlatoTestEvaluator\PlatoTestEvaluator.csproj", "{13853F0E-3DE9-4CDE-AD95-7D15F63CDCF1}"
EndProject
Project("{9A19103F-16F7-4668-BE54-9A1E7A4F7556}") = "PlatoTests", "PlatoTests\PlatoTests.csproj", "{8A4899BC-6E5E-4028-87DD-ADB53D430C9D}"
EndProject
Project("{9A19103F-16F7-4668-BE54-9A1E7A4F7556}") = "Plato.Math", "legacy\Plato.Math\src\Plato.Math.csproj", "{C1EC224B-9AE2-459B-A2EA-C72B188C4EE6}"
EndProject
Project("{9A19103F-16F7-4668-BE54-9A1E7A4F7556}") = "Plato.Collections", "..\Plato.Collections\src\Plato.Collections.csproj", "{93D04BD9-DE3A-41B1-A096-447C261E4559}"
EndProject
Project("{9A19103F-16F7-4668-BE54-9A1E7A4F7556}") = "Parakeet", "..\parakeet\Parakeet\Parakeet.csproj", "{B9BAA796-890C-43A0-BEB9-A92B391E822A}"
EndProject
Project("{9A19103F-16F7-4668-BE54-9A1E7A4F7556}") = "Parakeet.Demos", "..\parakeet\Parakeet.Demos\Parakeet.Demos.csproj", "{D38B6D80-6FA9-4BDD-825B-4BCB111F7EDE}"
EndProject
Project("{9A19103F-16F7-4668-BE54-9A1E7A4F7556}") = "Parakeet.Tests", "..\parakeet\Parakeet.Tests\Parakeet.Tests.csproj", "{E2AEC27F-F7A1-4DB3-84F1-02C59E8B19FE}"
EndProject
Global
	GlobalSection(SolutionConfigurationPlatforms) = preSolution
		Debug|Any CPU = Debug|Any CPU
		Release|Any CPU = Release|Any CPU
	EndGlobalSection
	GlobalSection(ProjectConfigurationPlatforms) = postSolution
		{5B286A6B-659B-49EA-918E-4041A06C0EC1}.Debug|Any CPU.ActiveCfg = Debug|Any CPU
		{5B286A6B-659B-49EA-918E-4041A06C0EC1}.Debug|Any CPU.Build.0 = Debug|Any CPU
		{5B286A6B-659B-49EA-918E-4041A06C0EC1}.Release|Any CPU.ActiveCfg = Release|Any CPU
		{5B286A6B-659B-49EA-918E-4041A06C0EC1}.Release|Any CPU.Build.0 = Release|Any CPU
		{9073453C-E707-4639-971C-2CD896D13DFF}.Debug|Any CPU.ActiveCfg = Debug|Any CPU
		{9073453C-E707-4639-971C-2CD896D13DFF}.Debug|Any CPU.Build.0 = Debug|Any CPU
		{9073453C-E707-4639-971C-2CD896D13DFF}.Release|Any CPU.ActiveCfg = Release|Any CPU
		{9073453C-E707-4639-971C-2CD896D13DFF}.Release|Any CPU.Build.0 = Release|Any CPU
		{A3063915-D5E4-423C-8780-96FE64D36911}.Debug|Any CPU.ActiveCfg = Debug|Any CPU
		{A3063915-D5E4-423C-8780-96FE64D36911}.Debug|Any CPU.Build.0 = Debug|Any CPU
		{A3063915-D5E4-423C-8780-96FE64D36911}.Release|Any CPU.ActiveCfg = Release|Any CPU
		{A3063915-D5E4-423C-8780-96FE64D36911}.Release|Any CPU.Build.0 = Release|Any CPU
		{66402015-EB96-4A58-AFA1-BF2BD41DF14C}.Debug|Any CPU.ActiveCfg = Debug|Any CPU
		{66402015-EB96-4A58-AFA1-BF2BD41DF14C}.Debug|Any CPU.Build.0 = Debug|Any CPU
		{66402015-EB96-4A58-AFA1-BF2BD41DF14C}.Release|Any CPU.ActiveCfg = Release|Any CPU
		{66402015-EB96-4A58-AFA1-BF2BD41DF14C}.Release|Any CPU.Build.0 = Release|Any CPU
		{33E56AB3-CAD2-499D-AE06-0AD28FC77B67}.Debug|Any CPU.ActiveCfg = Debug|Any CPU
		{33E56AB3-CAD2-499D-AE06-0AD28FC77B67}.Debug|Any CPU.Build.0 = Debug|Any CPU
		{33E56AB3-CAD2-499D-AE06-0AD28FC77B67}.Release|Any CPU.ActiveCfg = Release|Any CPU
		{33E56AB3-CAD2-499D-AE06-0AD28FC77B67}.Release|Any CPU.Build.0 = Release|Any CPU
		{C6562DC1-4889-4BEF-865E-F02672ADC0D0}.Debug|Any CPU.ActiveCfg = Debug|Any CPU
		{C6562DC1-4889-4BEF-865E-F02672ADC0D0}.Debug|Any CPU.Build.0 = Debug|Any CPU
		{C6562DC1-4889-4BEF-865E-F02672ADC0D0}.Release|Any CPU.ActiveCfg = Release|Any CPU
		{C6562DC1-4889-4BEF-865E-F02672ADC0D0}.Release|Any CPU.Build.0 = Release|Any CPU
		{71C5FB27-E2C3-4329-92F5-0185E552B287}.Debug|Any CPU.ActiveCfg = Debug|Any CPU
		{71C5FB27-E2C3-4329-92F5-0185E552B287}.Debug|Any CPU.Build.0 = Debug|Any CPU
		{71C5FB27-E2C3-4329-92F5-0185E552B287}.Release|Any CPU.ActiveCfg = Release|Any CPU
		{71C5FB27-E2C3-4329-92F5-0185E552B287}.Release|Any CPU.Build.0 = Release|Any CPU
		{D17532D8-733A-4A98-85C7-2F70FE841816}.Debug|Any CPU.ActiveCfg = Debug|Any CPU
		{D17532D8-733A-4A98-85C7-2F70FE841816}.Debug|Any CPU.Build.0 = Debug|Any CPU
		{D17532D8-733A-4A98-85C7-2F70FE841816}.Release|Any CPU.ActiveCfg = Release|Any CPU
		{D17532D8-733A-4A98-85C7-2F70FE841816}.Release|Any CPU.Build.0 = Release|Any CPU
		{77FC4BD1-C73C-4DBE-B75C-512C8FDD4CCA}.Debug|Any CPU.ActiveCfg = Debug|Any CPU
		{77FC4BD1-C73C-4DBE-B75C-512C8FDD4CCA}.Debug|Any CPU.Build.0 = Debug|Any CPU
		{77FC4BD1-C73C-4DBE-B75C-512C8FDD4CCA}.Release|Any CPU.ActiveCfg = Release|Any CPU
		{77FC4BD1-C73C-4DBE-B75C-512C8FDD4CCA}.Release|Any CPU.Build.0 = Release|Any CPU
		{88CBAE39-44F2-4DF2-9A51-CE474783788B}.Debug|Any CPU.ActiveCfg = Debug|Any CPU
		{88CBAE39-44F2-4DF2-9A51-CE474783788B}.Debug|Any CPU.Build.0 = Debug|Any CPU
		{88CBAE39-44F2-4DF2-9A51-CE474783788B}.Release|Any CPU.ActiveCfg = Release|Any CPU
		{88CBAE39-44F2-4DF2-9A51-CE474783788B}.Release|Any CPU.Build.0 = Release|Any CPU
		{13853F0E-3DE9-4CDE-AD95-7D15F63CDCF1}.Debug|Any CPU.ActiveCfg = Debug|Any CPU
		{13853F0E-3DE9-4CDE-AD95-7D15F63CDCF1}.Debug|Any CPU.Build.0 = Debug|Any CPU
		{13853F0E-3DE9-4CDE-AD95-7D15F63CDCF1}.Release|Any CPU.ActiveCfg = Release|Any CPU
		{13853F0E-3DE9-4CDE-AD95-7D15F63CDCF1}.Release|Any CPU.Build.0 = Release|Any CPU
		{8A4899BC-6E5E-4028-87DD-ADB53D430C9D}.Debug|Any CPU.ActiveCfg = Debug|Any CPU
		{8A4899BC-6E5E-4028-87DD-ADB53D430C9D}.Debug|Any CPU.Build.0 = Debug|Any CPU
		{8A4899BC-6E5E-4028-87DD-ADB53D430C9D}.Release|Any CPU.ActiveCfg = Release|Any CPU
		{8A4899BC-6E5E-4028-87DD-ADB53D430C9D}.Release|Any CPU.Build.0 = Release|Any CPU
		{C1EC224B-9AE2-459B-A2EA-C72B188C4EE6}.Debug|Any CPU.ActiveCfg = Debug|Any CPU
		{C1EC224B-9AE2-459B-A2EA-C72B188C4EE6}.Debug|Any CPU.Build.0 = Debug|Any CPU
		{C1EC224B-9AE2-459B-A2EA-C72B188C4EE6}.Release|Any CPU.ActiveCfg = Release|Any CPU
		{C1EC224B-9AE2-459B-A2EA-C72B188C4EE6}.Release|Any CPU.Build.0 = Release|Any CPU
		{93D04BD9-DE3A-41B1-A096-447C261E4559}.Debug|Any CPU.ActiveCfg = Debug|Any CPU
		{93D04BD9-DE3A-41B1-A096-447C261E4559}.Debug|Any CPU.Build.0 = Debug|Any CPU
		{93D04BD9-DE3A-41B1-A096-447C261E4559}.Release|Any CPU.ActiveCfg = Release|Any CPU
		{93D04BD9-DE3A-41B1-A096-447C261E4559}.Release|Any CPU.Build.0 = Release|Any CPU
		{B9BAA796-890C-43A0-BEB9-A92B391E822A}.Debug|Any CPU.ActiveCfg = Debug|Any CPU
		{B9BAA796-890C-43A0-BEB9-A92B391E822A}.Debug|Any CPU.Build.0 = Debug|Any CPU
		{B9BAA796-890C-43A0-BEB9-A92B391E822A}.Release|Any CPU.ActiveCfg = Release|Any CPU
		{B9BAA796-890C-43A0-BEB9-A92B391E822A}.Release|Any CPU.Build.0 = Release|Any CPU
		{D38B6D80-6FA9-4BDD-825B-4BCB111F7EDE}.Debug|Any CPU.ActiveCfg = Debug|Any CPU
		{D38B6D80-6FA9-4BDD-825B-4BCB111F7EDE}.Debug|Any CPU.Build.0 = Debug|Any CPU
		{D38B6D80-6FA9-4BDD-825B-4BCB111F7EDE}.Release|Any CPU.ActiveCfg = Release|Any CPU
		{D38B6D80-6FA9-4BDD-825B-4BCB111F7EDE}.Release|Any CPU.Build.0 = Release|Any CPU
		{E2AEC27F-F7A1-4DB3-84F1-02C59E8B19FE}.Debug|Any CPU.ActiveCfg = Debug|Any CPU
		{E2AEC27F-F7A1-4DB3-84F1-02C59E8B19FE}.Debug|Any CPU.Build.0 = Debug|Any CPU
		{E2AEC27F-F7A1-4DB3-84F1-02C59E8B19FE}.Release|Any CPU.ActiveCfg = Release|Any CPU
		{E2AEC27F-F7A1-4DB3-84F1-02C59E8B19FE}.Release|Any CPU.Build.0 = Release|Any CPU
	EndGlobalSection
	GlobalSection(SolutionProperties) = preSolution
		HideSolutionNode = FALSE
	EndGlobalSection
	GlobalSection(ExtensibilityGlobals) = postSolution
		SolutionGuid = {81CAEB95-5383-4575-BB89-E7532A005C6F}
	EndGlobalSection
EndGlobal
