
Microsoft Visual Studio Solution File, Format Version 12.00
# Visual Studio Version 17
VisualStudioVersion = 17.3.32825.248
MinimumVisualStudioVersion = 10.0.40219.1
Project("{2150E333-8FDC-42A3-9474-1A3956D46DE8}") = "notes", "notes", "{239039FA-2578-4851-8C40-88098C7EE5D4}"
	ProjectSection(SolutionItems) = preProject
		notes\notes.txt = notes\notes.txt
		README.md = README.md
		roadmap.md = roadmap.md
	EndProjectSection
EndProject
Project("{9A19103F-16F7-4668-BE54-9A1E7A4F7556}") = "PlatoStandardLibrary", "PlatoStandardLibrary\PlatoStandardLibrary.csproj", "{66402015-EB96-4A58-AFA1-BF2BD41DF14C}"
EndProject
Project("{9A19103F-16F7-4668-BE54-9A1E7A4F7556}") = "PlatoTypeInference", "PlatoTypeInference\PlatoTypeInference.csproj", "{71C5FB27-E2C3-4329-92F5-0185E552B287}"
EndProject
Project("{9A19103F-16F7-4668-BE54-9A1E7A4F7556}") = "PlatoTests", "PlatoTests\PlatoTests.csproj", "{8A4899BC-6E5E-4028-87DD-ADB53D430C9D}"
EndProject
Project("{9A19103F-16F7-4668-BE54-9A1E7A4F7556}") = "PlatoEditor", "PlatoEditor\PlatoEditor.csproj", "{E8B815E3-ED1A-47F5-9DE8-DE654B786B20}"
EndProject
Project("{9A19103F-16F7-4668-BE54-9A1E7A4F7556}") = "PlatoWinFormsEditor", "PlatoWinFormsEditor\PlatoWinFormsEditor.csproj", "{2F263E40-7453-40BD-B053-4FF301585652}"
EndProject
Project("{9A19103F-16F7-4668-BE54-9A1E7A4F7556}") = "Plato.Compiler", "PlatoCompiler\Plato.Compiler.csproj", "{79D12AB6-D474-4869-A42E-D4C3A3FE435D}"
EndProject
Project("{9A19103F-16F7-4668-BE54-9A1E7A4F7556}") = "PlatoFlow", "PlatoFlow\PlatoFlow.csproj", "{4AD69EB2-7DBA-4C69-8AD8-D74EADD779E3}"
EndProject
Project("{9A19103F-16F7-4668-BE54-9A1E7A4F7556}") = "Peacock", "..\..\ara3d\labs\Peacock\Peacock.csproj", "{DEE57DF8-675B-4CAF-939F-200104280E78}"
EndProject
Project("{9A19103F-16F7-4668-BE54-9A1E7A4F7556}") = "Peacock.Wpf", "..\..\ara3d\labs\Peacock.Wpf\Peacock.Wpf.csproj", "{5A3BF1F7-9A2E-43A6-9F6A-AAFF66C89270}"
EndProject
Project("{9A19103F-16F7-4668-BE54-9A1E7A4F7556}") = "Ara3D.Utils", "..\..\ara3d\src\Ara3D.Utils\Ara3D.Utils.csproj", "{0262E5F0-2FA7-4A44-B64E-F5358086DF94}"
EndProject
Project("{9A19103F-16F7-4668-BE54-9A1E7A4F7556}") = "Ara3D.Parsing", "..\..\ara3d\src\Ara3D.Parsing\Ara3D.Parsing.csproj", "{8C492CC2-105B-47E6-B373-6531A47C50A0}"
EndProject
Project("{9A19103F-16F7-4668-BE54-9A1E7A4F7556}") = "Ara3D.Parsing.Grammars", "..\..\ara3d\src\Ara3D.Parsing.Grammars\Ara3D.Parsing.Grammars.csproj", "{6180D5B6-15DE-4AEA-ADF9-85B0EA33E9FA}"
EndProject
Project("{9A19103F-16F7-4668-BE54-9A1E7A4F7556}") = "Ara3D.Parsing.Tests", "..\..\ara3d\tests\Ara3D.Parsing.Tests\Ara3D.Parsing.Tests.csproj", "{C98F1D00-AC99-45E9-8827-29AE4F7DBA49}"
EndProject
Global
	GlobalSection(SolutionConfigurationPlatforms) = preSolution
		Debug|Any CPU = Debug|Any CPU
		Debug|x64 = Debug|x64
		Debug|x86 = Debug|x86
		Release|Any CPU = Release|Any CPU
		Release|x64 = Release|x64
		Release|x86 = Release|x86
	EndGlobalSection
	GlobalSection(ProjectConfigurationPlatforms) = postSolution
		{66402015-EB96-4A58-AFA1-BF2BD41DF14C}.Debug|Any CPU.ActiveCfg = Debug|Any CPU
		{66402015-EB96-4A58-AFA1-BF2BD41DF14C}.Debug|Any CPU.Build.0 = Debug|Any CPU
		{66402015-EB96-4A58-AFA1-BF2BD41DF14C}.Debug|x64.ActiveCfg = Debug|Any CPU
		{66402015-EB96-4A58-AFA1-BF2BD41DF14C}.Debug|x86.ActiveCfg = Debug|Any CPU
		{66402015-EB96-4A58-AFA1-BF2BD41DF14C}.Release|Any CPU.ActiveCfg = Release|Any CPU
		{66402015-EB96-4A58-AFA1-BF2BD41DF14C}.Release|Any CPU.Build.0 = Release|Any CPU
		{66402015-EB96-4A58-AFA1-BF2BD41DF14C}.Release|x64.ActiveCfg = Release|Any CPU
		{66402015-EB96-4A58-AFA1-BF2BD41DF14C}.Release|x86.ActiveCfg = Release|Any CPU
		{71C5FB27-E2C3-4329-92F5-0185E552B287}.Debug|Any CPU.ActiveCfg = Debug|Any CPU
		{71C5FB27-E2C3-4329-92F5-0185E552B287}.Debug|Any CPU.Build.0 = Debug|Any CPU
		{71C5FB27-E2C3-4329-92F5-0185E552B287}.Debug|x64.ActiveCfg = Debug|Any CPU
		{71C5FB27-E2C3-4329-92F5-0185E552B287}.Debug|x64.Build.0 = Debug|Any CPU
		{71C5FB27-E2C3-4329-92F5-0185E552B287}.Debug|x86.ActiveCfg = Debug|Any CPU
		{71C5FB27-E2C3-4329-92F5-0185E552B287}.Debug|x86.Build.0 = Debug|Any CPU
		{71C5FB27-E2C3-4329-92F5-0185E552B287}.Release|Any CPU.ActiveCfg = Release|Any CPU
		{71C5FB27-E2C3-4329-92F5-0185E552B287}.Release|Any CPU.Build.0 = Release|Any CPU
		{71C5FB27-E2C3-4329-92F5-0185E552B287}.Release|x64.ActiveCfg = Release|Any CPU
		{71C5FB27-E2C3-4329-92F5-0185E552B287}.Release|x64.Build.0 = Release|Any CPU
		{71C5FB27-E2C3-4329-92F5-0185E552B287}.Release|x86.ActiveCfg = Release|Any CPU
		{71C5FB27-E2C3-4329-92F5-0185E552B287}.Release|x86.Build.0 = Release|Any CPU
		{8A4899BC-6E5E-4028-87DD-ADB53D430C9D}.Debug|Any CPU.ActiveCfg = Debug|Any CPU
		{8A4899BC-6E5E-4028-87DD-ADB53D430C9D}.Debug|Any CPU.Build.0 = Debug|Any CPU
		{8A4899BC-6E5E-4028-87DD-ADB53D430C9D}.Debug|x64.ActiveCfg = Debug|Any CPU
		{8A4899BC-6E5E-4028-87DD-ADB53D430C9D}.Debug|x64.Build.0 = Debug|Any CPU
		{8A4899BC-6E5E-4028-87DD-ADB53D430C9D}.Debug|x86.ActiveCfg = Debug|Any CPU
		{8A4899BC-6E5E-4028-87DD-ADB53D430C9D}.Debug|x86.Build.0 = Debug|Any CPU
		{8A4899BC-6E5E-4028-87DD-ADB53D430C9D}.Release|Any CPU.ActiveCfg = Release|Any CPU
		{8A4899BC-6E5E-4028-87DD-ADB53D430C9D}.Release|Any CPU.Build.0 = Release|Any CPU
		{8A4899BC-6E5E-4028-87DD-ADB53D430C9D}.Release|x64.ActiveCfg = Release|Any CPU
		{8A4899BC-6E5E-4028-87DD-ADB53D430C9D}.Release|x64.Build.0 = Release|Any CPU
		{8A4899BC-6E5E-4028-87DD-ADB53D430C9D}.Release|x86.ActiveCfg = Release|Any CPU
		{8A4899BC-6E5E-4028-87DD-ADB53D430C9D}.Release|x86.Build.0 = Release|Any CPU
		{E8B815E3-ED1A-47F5-9DE8-DE654B786B20}.Debug|Any CPU.ActiveCfg = Debug|Any CPU
		{E8B815E3-ED1A-47F5-9DE8-DE654B786B20}.Debug|Any CPU.Build.0 = Debug|Any CPU
		{E8B815E3-ED1A-47F5-9DE8-DE654B786B20}.Debug|x64.ActiveCfg = Debug|Any CPU
		{E8B815E3-ED1A-47F5-9DE8-DE654B786B20}.Debug|x64.Build.0 = Debug|Any CPU
		{E8B815E3-ED1A-47F5-9DE8-DE654B786B20}.Debug|x86.ActiveCfg = Debug|Any CPU
		{E8B815E3-ED1A-47F5-9DE8-DE654B786B20}.Debug|x86.Build.0 = Debug|Any CPU
		{E8B815E3-ED1A-47F5-9DE8-DE654B786B20}.Release|Any CPU.ActiveCfg = Release|Any CPU
		{E8B815E3-ED1A-47F5-9DE8-DE654B786B20}.Release|Any CPU.Build.0 = Release|Any CPU
		{E8B815E3-ED1A-47F5-9DE8-DE654B786B20}.Release|x64.ActiveCfg = Release|Any CPU
		{E8B815E3-ED1A-47F5-9DE8-DE654B786B20}.Release|x64.Build.0 = Release|Any CPU
		{E8B815E3-ED1A-47F5-9DE8-DE654B786B20}.Release|x86.ActiveCfg = Release|Any CPU
		{E8B815E3-ED1A-47F5-9DE8-DE654B786B20}.Release|x86.Build.0 = Release|Any CPU
		{2F263E40-7453-40BD-B053-4FF301585652}.Debug|Any CPU.ActiveCfg = Debug|Any CPU
		{2F263E40-7453-40BD-B053-4FF301585652}.Debug|Any CPU.Build.0 = Debug|Any CPU
		{2F263E40-7453-40BD-B053-4FF301585652}.Debug|x64.ActiveCfg = Debug|Any CPU
		{2F263E40-7453-40BD-B053-4FF301585652}.Debug|x64.Build.0 = Debug|Any CPU
		{2F263E40-7453-40BD-B053-4FF301585652}.Debug|x86.ActiveCfg = Debug|Any CPU
		{2F263E40-7453-40BD-B053-4FF301585652}.Debug|x86.Build.0 = Debug|Any CPU
		{2F263E40-7453-40BD-B053-4FF301585652}.Release|Any CPU.ActiveCfg = Release|Any CPU
		{2F263E40-7453-40BD-B053-4FF301585652}.Release|Any CPU.Build.0 = Release|Any CPU
		{2F263E40-7453-40BD-B053-4FF301585652}.Release|x64.ActiveCfg = Release|Any CPU
		{2F263E40-7453-40BD-B053-4FF301585652}.Release|x64.Build.0 = Release|Any CPU
		{2F263E40-7453-40BD-B053-4FF301585652}.Release|x86.ActiveCfg = Release|Any CPU
		{2F263E40-7453-40BD-B053-4FF301585652}.Release|x86.Build.0 = Release|Any CPU
		{79D12AB6-D474-4869-A42E-D4C3A3FE435D}.Debug|Any CPU.ActiveCfg = Debug|Any CPU
		{79D12AB6-D474-4869-A42E-D4C3A3FE435D}.Debug|Any CPU.Build.0 = Debug|Any CPU
		{79D12AB6-D474-4869-A42E-D4C3A3FE435D}.Debug|x64.ActiveCfg = Debug|Any CPU
		{79D12AB6-D474-4869-A42E-D4C3A3FE435D}.Debug|x64.Build.0 = Debug|Any CPU
		{79D12AB6-D474-4869-A42E-D4C3A3FE435D}.Debug|x86.ActiveCfg = Debug|Any CPU
		{79D12AB6-D474-4869-A42E-D4C3A3FE435D}.Debug|x86.Build.0 = Debug|Any CPU
		{79D12AB6-D474-4869-A42E-D4C3A3FE435D}.Release|Any CPU.ActiveCfg = Release|Any CPU
		{79D12AB6-D474-4869-A42E-D4C3A3FE435D}.Release|Any CPU.Build.0 = Release|Any CPU
		{79D12AB6-D474-4869-A42E-D4C3A3FE435D}.Release|x64.ActiveCfg = Release|Any CPU
		{79D12AB6-D474-4869-A42E-D4C3A3FE435D}.Release|x64.Build.0 = Release|Any CPU
		{79D12AB6-D474-4869-A42E-D4C3A3FE435D}.Release|x86.ActiveCfg = Release|Any CPU
		{79D12AB6-D474-4869-A42E-D4C3A3FE435D}.Release|x86.Build.0 = Release|Any CPU
		{4AD69EB2-7DBA-4C69-8AD8-D74EADD779E3}.Debug|Any CPU.ActiveCfg = Debug|Any CPU
		{4AD69EB2-7DBA-4C69-8AD8-D74EADD779E3}.Debug|Any CPU.Build.0 = Debug|Any CPU
		{4AD69EB2-7DBA-4C69-8AD8-D74EADD779E3}.Debug|x64.ActiveCfg = Debug|Any CPU
		{4AD69EB2-7DBA-4C69-8AD8-D74EADD779E3}.Debug|x64.Build.0 = Debug|Any CPU
		{4AD69EB2-7DBA-4C69-8AD8-D74EADD779E3}.Debug|x86.ActiveCfg = Debug|Any CPU
		{4AD69EB2-7DBA-4C69-8AD8-D74EADD779E3}.Debug|x86.Build.0 = Debug|Any CPU
		{4AD69EB2-7DBA-4C69-8AD8-D74EADD779E3}.Release|Any CPU.ActiveCfg = Release|Any CPU
		{4AD69EB2-7DBA-4C69-8AD8-D74EADD779E3}.Release|Any CPU.Build.0 = Release|Any CPU
		{4AD69EB2-7DBA-4C69-8AD8-D74EADD779E3}.Release|x64.ActiveCfg = Release|Any CPU
		{4AD69EB2-7DBA-4C69-8AD8-D74EADD779E3}.Release|x64.Build.0 = Release|Any CPU
		{4AD69EB2-7DBA-4C69-8AD8-D74EADD779E3}.Release|x86.ActiveCfg = Release|Any CPU
		{4AD69EB2-7DBA-4C69-8AD8-D74EADD779E3}.Release|x86.Build.0 = Release|Any CPU
		{DEE57DF8-675B-4CAF-939F-200104280E78}.Debug|Any CPU.ActiveCfg = Debug|Any CPU
		{DEE57DF8-675B-4CAF-939F-200104280E78}.Debug|Any CPU.Build.0 = Debug|Any CPU
		{DEE57DF8-675B-4CAF-939F-200104280E78}.Debug|x64.ActiveCfg = Debug|Any CPU
		{DEE57DF8-675B-4CAF-939F-200104280E78}.Debug|x64.Build.0 = Debug|Any CPU
		{DEE57DF8-675B-4CAF-939F-200104280E78}.Debug|x86.ActiveCfg = Debug|Any CPU
		{DEE57DF8-675B-4CAF-939F-200104280E78}.Debug|x86.Build.0 = Debug|Any CPU
		{DEE57DF8-675B-4CAF-939F-200104280E78}.Release|Any CPU.ActiveCfg = Release|Any CPU
		{DEE57DF8-675B-4CAF-939F-200104280E78}.Release|Any CPU.Build.0 = Release|Any CPU
		{DEE57DF8-675B-4CAF-939F-200104280E78}.Release|x64.ActiveCfg = Release|Any CPU
		{DEE57DF8-675B-4CAF-939F-200104280E78}.Release|x64.Build.0 = Release|Any CPU
		{DEE57DF8-675B-4CAF-939F-200104280E78}.Release|x86.ActiveCfg = Release|Any CPU
		{DEE57DF8-675B-4CAF-939F-200104280E78}.Release|x86.Build.0 = Release|Any CPU
		{5A3BF1F7-9A2E-43A6-9F6A-AAFF66C89270}.Debug|Any CPU.ActiveCfg = Debug|Any CPU
		{5A3BF1F7-9A2E-43A6-9F6A-AAFF66C89270}.Debug|Any CPU.Build.0 = Debug|Any CPU
		{5A3BF1F7-9A2E-43A6-9F6A-AAFF66C89270}.Debug|x64.ActiveCfg = Debug|Any CPU
		{5A3BF1F7-9A2E-43A6-9F6A-AAFF66C89270}.Debug|x64.Build.0 = Debug|Any CPU
		{5A3BF1F7-9A2E-43A6-9F6A-AAFF66C89270}.Debug|x86.ActiveCfg = Debug|Any CPU
		{5A3BF1F7-9A2E-43A6-9F6A-AAFF66C89270}.Debug|x86.Build.0 = Debug|Any CPU
		{5A3BF1F7-9A2E-43A6-9F6A-AAFF66C89270}.Release|Any CPU.ActiveCfg = Release|Any CPU
		{5A3BF1F7-9A2E-43A6-9F6A-AAFF66C89270}.Release|Any CPU.Build.0 = Release|Any CPU
		{5A3BF1F7-9A2E-43A6-9F6A-AAFF66C89270}.Release|x64.ActiveCfg = Release|Any CPU
		{5A3BF1F7-9A2E-43A6-9F6A-AAFF66C89270}.Release|x64.Build.0 = Release|Any CPU
		{5A3BF1F7-9A2E-43A6-9F6A-AAFF66C89270}.Release|x86.ActiveCfg = Release|Any CPU
		{5A3BF1F7-9A2E-43A6-9F6A-AAFF66C89270}.Release|x86.Build.0 = Release|Any CPU
		{0262E5F0-2FA7-4A44-B64E-F5358086DF94}.Debug|Any CPU.ActiveCfg = Debug|Any CPU
		{0262E5F0-2FA7-4A44-B64E-F5358086DF94}.Debug|Any CPU.Build.0 = Debug|Any CPU
		{0262E5F0-2FA7-4A44-B64E-F5358086DF94}.Debug|x64.ActiveCfg = Debug|Any CPU
		{0262E5F0-2FA7-4A44-B64E-F5358086DF94}.Debug|x64.Build.0 = Debug|Any CPU
		{0262E5F0-2FA7-4A44-B64E-F5358086DF94}.Debug|x86.ActiveCfg = Debug|Any CPU
		{0262E5F0-2FA7-4A44-B64E-F5358086DF94}.Debug|x86.Build.0 = Debug|Any CPU
		{0262E5F0-2FA7-4A44-B64E-F5358086DF94}.Release|Any CPU.ActiveCfg = Release|Any CPU
		{0262E5F0-2FA7-4A44-B64E-F5358086DF94}.Release|Any CPU.Build.0 = Release|Any CPU
		{0262E5F0-2FA7-4A44-B64E-F5358086DF94}.Release|x64.ActiveCfg = Release|Any CPU
		{0262E5F0-2FA7-4A44-B64E-F5358086DF94}.Release|x64.Build.0 = Release|Any CPU
		{0262E5F0-2FA7-4A44-B64E-F5358086DF94}.Release|x86.ActiveCfg = Release|Any CPU
		{0262E5F0-2FA7-4A44-B64E-F5358086DF94}.Release|x86.Build.0 = Release|Any CPU
		{8C492CC2-105B-47E6-B373-6531A47C50A0}.Debug|Any CPU.ActiveCfg = Debug|Any CPU
		{8C492CC2-105B-47E6-B373-6531A47C50A0}.Debug|Any CPU.Build.0 = Debug|Any CPU
		{8C492CC2-105B-47E6-B373-6531A47C50A0}.Debug|x64.ActiveCfg = Debug|Any CPU
		{8C492CC2-105B-47E6-B373-6531A47C50A0}.Debug|x64.Build.0 = Debug|Any CPU
		{8C492CC2-105B-47E6-B373-6531A47C50A0}.Debug|x86.ActiveCfg = Debug|Any CPU
		{8C492CC2-105B-47E6-B373-6531A47C50A0}.Debug|x86.Build.0 = Debug|Any CPU
		{8C492CC2-105B-47E6-B373-6531A47C50A0}.Release|Any CPU.ActiveCfg = Release|Any CPU
		{8C492CC2-105B-47E6-B373-6531A47C50A0}.Release|Any CPU.Build.0 = Release|Any CPU
		{8C492CC2-105B-47E6-B373-6531A47C50A0}.Release|x64.ActiveCfg = Release|Any CPU
		{8C492CC2-105B-47E6-B373-6531A47C50A0}.Release|x64.Build.0 = Release|Any CPU
		{8C492CC2-105B-47E6-B373-6531A47C50A0}.Release|x86.ActiveCfg = Release|Any CPU
		{8C492CC2-105B-47E6-B373-6531A47C50A0}.Release|x86.Build.0 = Release|Any CPU
		{6180D5B6-15DE-4AEA-ADF9-85B0EA33E9FA}.Debug|Any CPU.ActiveCfg = Debug|Any CPU
		{6180D5B6-15DE-4AEA-ADF9-85B0EA33E9FA}.Debug|Any CPU.Build.0 = Debug|Any CPU
		{6180D5B6-15DE-4AEA-ADF9-85B0EA33E9FA}.Debug|x64.ActiveCfg = Debug|Any CPU
		{6180D5B6-15DE-4AEA-ADF9-85B0EA33E9FA}.Debug|x64.Build.0 = Debug|Any CPU
		{6180D5B6-15DE-4AEA-ADF9-85B0EA33E9FA}.Debug|x86.ActiveCfg = Debug|Any CPU
		{6180D5B6-15DE-4AEA-ADF9-85B0EA33E9FA}.Debug|x86.Build.0 = Debug|Any CPU
		{6180D5B6-15DE-4AEA-ADF9-85B0EA33E9FA}.Release|Any CPU.ActiveCfg = Release|Any CPU
		{6180D5B6-15DE-4AEA-ADF9-85B0EA33E9FA}.Release|Any CPU.Build.0 = Release|Any CPU
		{6180D5B6-15DE-4AEA-ADF9-85B0EA33E9FA}.Release|x64.ActiveCfg = Release|Any CPU
		{6180D5B6-15DE-4AEA-ADF9-85B0EA33E9FA}.Release|x64.Build.0 = Release|Any CPU
		{6180D5B6-15DE-4AEA-ADF9-85B0EA33E9FA}.Release|x86.ActiveCfg = Release|Any CPU
		{6180D5B6-15DE-4AEA-ADF9-85B0EA33E9FA}.Release|x86.Build.0 = Release|Any CPU
		{C98F1D00-AC99-45E9-8827-29AE4F7DBA49}.Debug|Any CPU.ActiveCfg = Debug|Any CPU
		{C98F1D00-AC99-45E9-8827-29AE4F7DBA49}.Debug|Any CPU.Build.0 = Debug|Any CPU
		{C98F1D00-AC99-45E9-8827-29AE4F7DBA49}.Debug|x64.ActiveCfg = Debug|Any CPU
		{C98F1D00-AC99-45E9-8827-29AE4F7DBA49}.Debug|x64.Build.0 = Debug|Any CPU
		{C98F1D00-AC99-45E9-8827-29AE4F7DBA49}.Debug|x86.ActiveCfg = Debug|Any CPU
		{C98F1D00-AC99-45E9-8827-29AE4F7DBA49}.Debug|x86.Build.0 = Debug|Any CPU
		{C98F1D00-AC99-45E9-8827-29AE4F7DBA49}.Release|Any CPU.ActiveCfg = Release|Any CPU
		{C98F1D00-AC99-45E9-8827-29AE4F7DBA49}.Release|Any CPU.Build.0 = Release|Any CPU
		{C98F1D00-AC99-45E9-8827-29AE4F7DBA49}.Release|x64.ActiveCfg = Release|Any CPU
		{C98F1D00-AC99-45E9-8827-29AE4F7DBA49}.Release|x64.Build.0 = Release|Any CPU
		{C98F1D00-AC99-45E9-8827-29AE4F7DBA49}.Release|x86.ActiveCfg = Release|Any CPU
		{C98F1D00-AC99-45E9-8827-29AE4F7DBA49}.Release|x86.Build.0 = Release|Any CPU
	EndGlobalSection
	GlobalSection(SolutionProperties) = preSolution
		HideSolutionNode = FALSE
	EndGlobalSection
	GlobalSection(ExtensibilityGlobals) = postSolution
		SolutionGuid = {81CAEB95-5383-4575-BB89-E7532A005C6F}
	EndGlobalSection
EndGlobal
