
Microsoft Visual Studio Solution File, Format Version 12.00
# Visual Studio Version 17
VisualStudioVersion = 17.1.32104.313
MinimumVisualStudioVersion = 10.0.40219.1
Project("{9A19103F-16F7-4668-BE54-9A1E7A4F7556}") = "Plato.Math", "src\Plato.Math.csproj", "{E6D18A96-C0E6-4ABA-9BA8-C0005FD6E7DC}"
EndProject
Project("{9A19103F-16F7-4668-BE54-9A1E7A4F7556}") = "Plato.Math.Tests", "tests\Plato.Math.Tests.csproj", "{DFF6EFEA-F365-4917-891A-3B9725D3542D}"
EndProject
Global
	GlobalSection(SolutionConfigurationPlatforms) = preSolution
		Debug|Any CPU = Debug|Any CPU
		Release|Any CPU = Release|Any CPU
	EndGlobalSection
	GlobalSection(ProjectConfigurationPlatforms) = postSolution
		{E6D18A96-C0E6-4ABA-9BA8-C0005FD6E7DC}.Debug|Any CPU.ActiveCfg = Debug|Any CPU
		{E6D18A96-C0E6-4ABA-9BA8-C0005FD6E7DC}.Debug|Any CPU.Build.0 = Debug|Any CPU
		{E6D18A96-C0E6-4ABA-9BA8-C0005FD6E7DC}.Release|Any CPU.ActiveCfg = Release|Any CPU
		{E6D18A96-C0E6-4ABA-9BA8-C0005FD6E7DC}.Release|Any CPU.Build.0 = Release|Any CPU
		{DFF6EFEA-F365-4917-891A-3B9725D3542D}.Debug|Any CPU.ActiveCfg = Debug|Any CPU
		{DFF6EFEA-F365-4917-891A-3B9725D3542D}.Debug|Any CPU.Build.0 = Debug|Any CPU
		{DFF6EFEA-F365-4917-891A-3B9725D3542D}.Release|Any CPU.ActiveCfg = Release|Any CPU
		{DFF6EFEA-F365-4917-891A-3B9725D3542D}.Release|Any CPU.Build.0 = Release|Any CPU
	EndGlobalSection
	GlobalSection(SolutionProperties) = preSolution
		HideSolutionNode = FALSE
	EndGlobalSection
	GlobalSection(ExtensibilityGlobals) = postSolution
		SolutionGuid = {28BDF483-0EE2-4F3B-B8F1-729D25F299A0}
	EndGlobalSection
EndGlobal
