
Microsoft Visual Studio Solution File, Format Version 12.00
# Visual Studio Version 16
VisualStudioVersion = 16.0.31129.286
MinimumVisualStudioVersion = 10.0.40219.1
Project("{9A19103F-16F7-4668-BE54-9A1E7A4F7556}") = "Plato", "Plato.csproj", "{D026E3BC-5748-410D-B8ED-11F8816E28A0}"
EndProject
Project("{2150E333-8FDC-42A3-9474-1A3956D46DE8}") = "solution items", "solution items", "{318BE9D9-D200-4BE2-AB8B-569AFFA70E0E}"
	ProjectSection(SolutionItems) = preProject
		..\NOTES.md = ..\NOTES.md
		..\README.md = ..\README.md
	EndProjectSection
EndProject
Global
	GlobalSection(SolutionConfigurationPlatforms) = preSolution
		Debug|Any CPU = Debug|Any CPU
		Release|Any CPU = Release|Any CPU
	EndGlobalSection
	GlobalSection(ProjectConfigurationPlatforms) = postSolution
		{D026E3BC-5748-410D-B8ED-11F8816E28A0}.Debug|Any CPU.ActiveCfg = Debug|Any CPU
		{D026E3BC-5748-410D-B8ED-11F8816E28A0}.Debug|Any CPU.Build.0 = Debug|Any CPU
		{D026E3BC-5748-410D-B8ED-11F8816E28A0}.Release|Any CPU.ActiveCfg = Release|Any CPU
		{D026E3BC-5748-410D-B8ED-11F8816E28A0}.Release|Any CPU.Build.0 = Release|Any CPU
	EndGlobalSection
	GlobalSection(SolutionProperties) = preSolution
		HideSolutionNode = FALSE
	EndGlobalSection
	GlobalSection(ExtensibilityGlobals) = postSolution
		SolutionGuid = {517AB64C-0D81-463D-8CAE-1E7D933C389F}
	EndGlobalSection
EndGlobal
